{
	"name": "@vue-cdk/virtualized-list-css",
	"version": "0.1.0",
	"lockfileVersion": 1,
	"requires": true,
	"dependencies": {
		"scrollparent": {
			"version": "2.0.1",
			"resolved": "https://registry.npmjs.org/scrollparent/-/scrollparent-2.0.1.tgz",
			"integrity": "sha1-cV1bnMV3YPsivczDvvtb/gaxoxc="
		},
		"vue-observe-visibility": {
			"version": "0.4.6",
			"resolved": "https://registry.npmjs.org/vue-observe-visibility/-/vue-observe-visibility-0.4.6.tgz",
			"integrity": "sha512-xo0CEVdkjSjhJoDdLSvoZoQrw/H2BlzB5jrCBKGZNXN2zdZgMuZ9BKrxXDjNP2AxlcCoKc8OahI3F3r3JGLv2Q=="
		},
		"vue-resize": {
			"version": "0.4.5",
			"resolved": "https://registry.npmjs.org/vue-resize/-/vue-resize-0.4.5.tgz",
			"integrity": "sha512-bhP7MlgJQ8TIkZJXAfDf78uJO+mEI3CaLABLjv0WNzr4CcGRGPIAItyWYnP6LsPA4Oq0WE+suidNs6dgpO4RHg=="
		},
		"vue-virtual-scroller": {
			"version": "1.0.0-rc.2",
			"resolved": "https://registry.npmjs.org/vue-virtual-scroller/-/vue-virtual-scroller-1.0.0-rc.2.tgz",
			"integrity": "sha512-4YFx1a+QDP4f6HW/HBI/qHcmSTlh7BMH6IjEH8WC3ylt499cErl0LpvLLAx9yo3c6NtuK/XvjYXi0vvdxFB5dw==",
			"requires": {
				"scrollparent": "^2.0.1",
				"vue-observe-visibility": "^0.4.3",
				"vue-resize": "^0.4.5"
			}
		}
	}
}
